
Microsoft Visual Studio Solution File, Format Version 12.00
# Visual Studio Version 17
VisualStudioVersion = 17.5.33516.290
MinimumVisualStudioVersion = 10.0.40219.1
Project("{9A19103F-16F7-4668-BE54-9A1E7A4F7556}") = "CellSimulator", "CellSimulator.csproj", "{B8C9CADD-3D0B-4173-99CC-AC9A72000EA5}"
EndProject
Project("{9A19103F-16F7-4668-BE54-9A1E7A4F7556}") = "CellLibrary", "CellLibrary\CellLibrary.csproj", "{150BDCDF-41B8-4FE3-AC33-2E7F1A460C46}"
EndProject
Project("{9A19103F-16F7-4668-BE54-9A1E7A4F7556}") = "CellClient", "CellClient\CellClient.csproj", "{24EC38B0-35E5-4C5F-9EC8-6F18D444421C}"
EndProject
Project("{9A19103F-16F7-4668-BE54-9A1E7A4F7556}") = "OrganismServer", "OrganismServer\OrganismServer.csproj", "{92ED47B2-39B2-45AC-9E09-519F8DCB8667}"
	ProjectSection(ProjectDependencies) = postProject
		{150BDCDF-41B8-4FE3-AC33-2E7F1A460C46} = {150BDCDF-41B8-4FE3-AC33-2E7F1A460C46}
	EndProjectSection
EndProject
Global
	GlobalSection(SolutionConfigurationPlatforms) = preSolution
		Debug|Any CPU = Debug|Any CPU
		Release|Any CPU = Release|Any CPU
	EndGlobalSection
	GlobalSection(ProjectConfigurationPlatforms) = postSolution
		{B8C9CADD-3D0B-4173-99CC-AC9A72000EA5}.Debug|Any CPU.ActiveCfg = Debug|Any CPU
		{B8C9CADD-3D0B-4173-99CC-AC9A72000EA5}.Debug|Any CPU.Build.0 = Debug|Any CPU
		{B8C9CADD-3D0B-4173-99CC-AC9A72000EA5}.Release|Any CPU.ActiveCfg = Release|Any CPU
		{B8C9CADD-3D0B-4173-99CC-AC9A72000EA5}.Release|Any CPU.Build.0 = Release|Any CPU
		{150BDCDF-41B8-4FE3-AC33-2E7F1A460C46}.Debug|Any CPU.ActiveCfg = Debug|Any CPU
		{150BDCDF-41B8-4FE3-AC33-2E7F1A460C46}.Debug|Any CPU.Build.0 = Debug|Any CPU
		{150BDCDF-41B8-4FE3-AC33-2E7F1A460C46}.Release|Any CPU.ActiveCfg = Release|Any CPU
		{150BDCDF-41B8-4FE3-AC33-2E7F1A460C46}.Release|Any CPU.Build.0 = Release|Any CPU
		{24EC38B0-35E5-4C5F-9EC8-6F18D444421C}.Debug|Any CPU.ActiveCfg = Debug|Any CPU
		{24EC38B0-35E5-4C5F-9EC8-6F18D444421C}.Debug|Any CPU.Build.0 = Debug|Any CPU
		{24EC38B0-35E5-4C5F-9EC8-6F18D444421C}.Release|Any CPU.ActiveCfg = Release|Any CPU
		{24EC38B0-35E5-4C5F-9EC8-6F18D444421C}.Release|Any CPU.Build.0 = Release|Any CPU
		{92ED47B2-39B2-45AC-9E09-519F8DCB8667}.Debug|Any CPU.ActiveCfg = Debug|Any CPU
		{92ED47B2-39B2-45AC-9E09-519F8DCB8667}.Debug|Any CPU.Build.0 = Debug|Any CPU
		{92ED47B2-39B2-45AC-9E09-519F8DCB8667}.Release|Any CPU.ActiveCfg = Release|Any CPU
		{92ED47B2-39B2-45AC-9E09-519F8DCB8667}.Release|Any CPU.Build.0 = Release|Any CPU
	EndGlobalSection
	GlobalSection(SolutionProperties) = preSolution
		HideSolutionNode = FALSE
	EndGlobalSection
	GlobalSection(ExtensibilityGlobals) = postSolution
		SolutionGuid = {576075B6-1A00-4F44-B7F6-7B59AE018D9C}
	EndGlobalSection
EndGlobal
